
Microsoft Visual Studio Solution File, Format Version 12.00
# Visual Studio 15
VisualStudioVersion = 15.0.27428.2015
MinimumVisualStudioVersion = 10.0.40219.1
Project("{FAE04EC0-301F-11D3-BF4B-00C04F79EFBC}") = "WindowsFormsApp1", "WindowsFormsApp1\WindowsFormsApp1.csproj", "{B6F27F97-3B7E-4479-8470-B7FE2B02510C}"
EndProject
Global
	GlobalSection(SolutionConfigurationPlatforms) = preSolution
		Debug|Any CPU = Debug|Any CPU
		Release|Any CPU = Release|Any CPU
	EndGlobalSection
	GlobalSection(ProjectConfigurationPlatforms) = postSolution
		{B6F27F97-3B7E-4479-8470-B7FE2B02510C}.Debug|Any CPU.ActiveCfg = Debug|Any CPU
		{B6F27F97-3B7E-4479-8470-B7FE2B02510C}.Debug|Any CPU.Build.0 = Debug|Any CPU
		{B6F27F97-3B7E-4479-8470-B7FE2B02510C}.Release|Any CPU.ActiveCfg = Release|Any CPU
		{B6F27F97-3B7E-4479-8470-B7FE2B02510C}.Release|Any CPU.Build.0 = Release|Any CPU
	EndGlobalSection
	GlobalSection(SolutionProperties) = preSolution
		HideSolutionNode = FALSE
	EndGlobalSection
	GlobalSection(ExtensibilityGlobals) = postSolution
		SolutionGuid = {C83BE0B4-5C1B-496A-87A6-C74180AD40DA}
	EndGlobalSection
EndGlobal
